
Microsoft Visual Studio Solution File, Format Version 12.00
# Visual Studio Version 17
VisualStudioVersion = 17.9.34728.123
MinimumVisualStudioVersion = 10.0.40219.1
Project("{FAE04EC0-301F-11D3-BF4B-00C04F79EFBC}") = "OnlineCakeShop", "OnlineCakeShop\OnlineCakeShop.csproj", "{AFBDE3D3-328D-419B-8307-C9F94F7242EA}"
EndProject
Global
	GlobalSection(SolutionConfigurationPlatforms) = preSolution
		Debug|Any CPU = Debug|Any CPU
		Release|Any CPU = Release|Any CPU
	EndGlobalSection
	GlobalSection(ProjectConfigurationPlatforms) = postSolution
		{AFBDE3D3-328D-419B-8307-C9F94F7242EA}.Debug|Any CPU.ActiveCfg = Debug|Any CPU
		{AFBDE3D3-328D-419B-8307-C9F94F7242EA}.Debug|Any CPU.Build.0 = Debug|Any CPU
		{AFBDE3D3-328D-419B-8307-C9F94F7242EA}.Release|Any CPU.ActiveCfg = Release|Any CPU
		{AFBDE3D3-328D-419B-8307-C9F94F7242EA}.Release|Any CPU.Build.0 = Release|Any CPU
	EndGlobalSection
	GlobalSection(SolutionProperties) = preSolution
		HideSolutionNode = FALSE
	EndGlobalSection
	GlobalSection(ExtensibilityGlobals) = postSolution
		SolutionGuid = {C86174A7-23F9-4328-A8E7-E3C7B9243696}
	EndGlobalSection
EndGlobal
